
Microsoft Visual Studio Solution File, Format Version 12.00
# Visual Studio Version 16
VisualStudioVersion = 16.0.30011.22
MinimumVisualStudioVersion = 10.0.40219.1
Project("{FAE04EC0-301F-11D3-BF4B-00C04F79EFBC}") = "Gfigure", "Gfigure\Gfigure.csproj", "{289381CF-249F-4193-BECF-00E4328F0582}"
EndProject
Project("{FAE04EC0-301F-11D3-BF4B-00C04F79EFBC}") = "Gfigure.test", "Gfigure.test\Gfigure.test.csproj", "{3E313B84-BF24-4287-86F5-79FA90B55D75}"
EndProject
Global
	GlobalSection(SolutionConfigurationPlatforms) = preSolution
		Debug|Any CPU = Debug|Any CPU
		Release|Any CPU = Release|Any CPU
	EndGlobalSection
	GlobalSection(ProjectConfigurationPlatforms) = postSolution
		{289381CF-249F-4193-BECF-00E4328F0582}.Debug|Any CPU.ActiveCfg = Debug|Any CPU
		{289381CF-249F-4193-BECF-00E4328F0582}.Debug|Any CPU.Build.0 = Debug|Any CPU
		{289381CF-249F-4193-BECF-00E4328F0582}.Release|Any CPU.ActiveCfg = Release|Any CPU
		{289381CF-249F-4193-BECF-00E4328F0582}.Release|Any CPU.Build.0 = Release|Any CPU
		{3E313B84-BF24-4287-86F5-79FA90B55D75}.Debug|Any CPU.ActiveCfg = Debug|Any CPU
		{3E313B84-BF24-4287-86F5-79FA90B55D75}.Debug|Any CPU.Build.0 = Debug|Any CPU
		{3E313B84-BF24-4287-86F5-79FA90B55D75}.Release|Any CPU.ActiveCfg = Release|Any CPU
		{3E313B84-BF24-4287-86F5-79FA90B55D75}.Release|Any CPU.Build.0 = Release|Any CPU
	EndGlobalSection
	GlobalSection(SolutionProperties) = preSolution
		HideSolutionNode = FALSE
	EndGlobalSection
	GlobalSection(ExtensibilityGlobals) = postSolution
		SolutionGuid = {DB7ABD0E-6709-466C-96C1-23AD98CB93B2}
	EndGlobalSection
EndGlobal
